
Microsoft Visual Studio Solution File, Format Version 12.00
# Visual Studio Version 16
VisualStudioVersion = 16.0.32413.511
MinimumVisualStudioVersion = 10.0.40219.1
Project("{FAE04EC0-301F-11D3-BF4B-00C04F79EFBC}") = "Ustin.Tools.Finance.Shares.DividentCalculator", "Ustin.Tools.Finance.Shares.DividentCalculator.csproj", "{401AE630-E679-47BA-BB58-A8A97755B8EC}"
EndProject
Global
	GlobalSection(SolutionConfigurationPlatforms) = preSolution
		Debug|Any CPU = Debug|Any CPU
		Release|Any CPU = Release|Any CPU
	EndGlobalSection
	GlobalSection(ProjectConfigurationPlatforms) = postSolution
		{401AE630-E679-47BA-BB58-A8A97755B8EC}.Debug|Any CPU.ActiveCfg = Debug|Any CPU
		{401AE630-E679-47BA-BB58-A8A97755B8EC}.Debug|Any CPU.Build.0 = Debug|Any CPU
		{401AE630-E679-47BA-BB58-A8A97755B8EC}.Release|Any CPU.ActiveCfg = Release|Any CPU
		{401AE630-E679-47BA-BB58-A8A97755B8EC}.Release|Any CPU.Build.0 = Release|Any CPU
	EndGlobalSection
	GlobalSection(SolutionProperties) = preSolution
		HideSolutionNode = FALSE
	EndGlobalSection
	GlobalSection(ExtensibilityGlobals) = postSolution
		SolutionGuid = {CE69BD56-C44B-4D64-8874-6F66DFD2A23D}
	EndGlobalSection
EndGlobal
